
Microsoft Visual Studio Solution File, Format Version 12.00
# Visual Studio Version 16
VisualStudioVersion = 16.0.31624.102
MinimumVisualStudioVersion = 10.0.40219.1
Project("{9A19103F-16F7-4668-BE54-9A1E7A4F7556}") = "Shopping.Client", "Shopping.Client\Shopping.Client.csproj", "{91AA51A0-18B0-41F2-AA14-E0FED7F75133}"
EndProject
Project("{FAE04EC0-301F-11D3-BF4B-00C04F79EFBC}") = "Shopping.API", "Shopping.API\Shopping.API.csproj", "{1CE8309F-1AD5-41D9-BC0E-361AC14FC774}"
EndProject
Project("{E53339B2-1760-4266-BCC7-CA923CBCF16C}") = "docker-compose", "docker-compose.dcproj", "{BBA99632-4F2D-41B9-A6E8-C51B2E72ED31}"
EndProject
Global
	GlobalSection(SolutionConfigurationPlatforms) = preSolution
		Debug|Any CPU = Debug|Any CPU
		Release|Any CPU = Release|Any CPU
	EndGlobalSection
	GlobalSection(ProjectConfigurationPlatforms) = postSolution
		{91AA51A0-18B0-41F2-AA14-E0FED7F75133}.Debug|Any CPU.ActiveCfg = Debug|Any CPU
		{91AA51A0-18B0-41F2-AA14-E0FED7F75133}.Debug|Any CPU.Build.0 = Debug|Any CPU
		{91AA51A0-18B0-41F2-AA14-E0FED7F75133}.Release|Any CPU.ActiveCfg = Release|Any CPU
		{91AA51A0-18B0-41F2-AA14-E0FED7F75133}.Release|Any CPU.Build.0 = Release|Any CPU
		{1CE8309F-1AD5-41D9-BC0E-361AC14FC774}.Debug|Any CPU.ActiveCfg = Debug|Any CPU
		{1CE8309F-1AD5-41D9-BC0E-361AC14FC774}.Debug|Any CPU.Build.0 = Debug|Any CPU
		{1CE8309F-1AD5-41D9-BC0E-361AC14FC774}.Release|Any CPU.ActiveCfg = Release|Any CPU
		{1CE8309F-1AD5-41D9-BC0E-361AC14FC774}.Release|Any CPU.Build.0 = Release|Any CPU
		{BBA99632-4F2D-41B9-A6E8-C51B2E72ED31}.Debug|Any CPU.ActiveCfg = Debug|Any CPU
		{BBA99632-4F2D-41B9-A6E8-C51B2E72ED31}.Debug|Any CPU.Build.0 = Debug|Any CPU
		{BBA99632-4F2D-41B9-A6E8-C51B2E72ED31}.Release|Any CPU.ActiveCfg = Release|Any CPU
		{BBA99632-4F2D-41B9-A6E8-C51B2E72ED31}.Release|Any CPU.Build.0 = Release|Any CPU
	EndGlobalSection
	GlobalSection(SolutionProperties) = preSolution
		HideSolutionNode = FALSE
	EndGlobalSection
	GlobalSection(ExtensibilityGlobals) = postSolution
		SolutionGuid = {954B7843-97FE-4CFD-8E12-4CD3E4026032}
	EndGlobalSection
EndGlobal
